
Microsoft Visual Studio Solution File, Format Version 12.00
# Visual Studio Version 17
VisualStudioVersion = 17.4.33205.214
MinimumVisualStudioVersion = 10.0.40219.1
Project("{2150E333-8FDC-42A3-9474-1A3956D46DE8}") = "src", "src", "{6F84240A-5769-47D8-A08F-E677750C379C}"
EndProject
Project("{2150E333-8FDC-42A3-9474-1A3956D46DE8}") = "tests", "tests", "{FA0C4A4C-926A-4AD9-BEA4-5CF4E53B5BE2}"
EndProject
Project("{2150E333-8FDC-42A3-9474-1A3956D46DE8}") = "API", "API", "{49E82686-A2DD-468D-962C-DC58853639CC}"
EndProject
Project("{2150E333-8FDC-42A3-9474-1A3956D46DE8}") = "Core", "Core", "{27B19A59-7F81-4C14-951C-B679A17D73D5}"
EndProject
Project("{2150E333-8FDC-42A3-9474-1A3956D46DE8}") = "Infrastructure", "Infrastructure", "{F8A79831-B5BC-443B-9F6E-4C8228F4E6D1}"
EndProject
Project("{2150E333-8FDC-42A3-9474-1A3956D46DE8}") = "UI", "UI", "{A6784071-3D0B-484D-9699-FA705A9E7D06}"
EndProject
Project("{9A19103F-16F7-4668-BE54-9A1E7A4F7556}") = "CleanArchitectureDomain", "CleanArchitectureDomain\CleanArchitectureDomain.csproj", "{E83C1B89-C444-4858-9B5A-4321ABAE69E2}"
EndProject
Project("{9A19103F-16F7-4668-BE54-9A1E7A4F7556}") = "CleanArchitectureApplication", "CleanArchitectureApplication\CleanArchitectureApplication.csproj", "{B04A64E9-886F-48CA-BC79-7405CC7812A2}"
EndProject
Project("{FAE04EC0-301F-11D3-BF4B-00C04F79EFBC}") = "CleanArchitectureContext", "CleanArchitectureContext\CleanArchitectureContext.csproj", "{D9F9889B-81DC-4C3C-BEFC-8B0E673D16FA}"
EndProject
Project("{FAE04EC0-301F-11D3-BF4B-00C04F79EFBC}") = "CleanArchitectureInfrastructure", "CleanArchitectureInfrastructure\CleanArchitectureInfrastructure.csproj", "{436FBAF5-0F07-47B2-ADAE-5A45CF61BBDD}"
EndProject
Global
	GlobalSection(SolutionConfigurationPlatforms) = preSolution
		Debug|Any CPU = Debug|Any CPU
		Release|Any CPU = Release|Any CPU
	EndGlobalSection
	GlobalSection(ProjectConfigurationPlatforms) = postSolution
		{E83C1B89-C444-4858-9B5A-4321ABAE69E2}.Debug|Any CPU.ActiveCfg = Debug|Any CPU
		{E83C1B89-C444-4858-9B5A-4321ABAE69E2}.Debug|Any CPU.Build.0 = Debug|Any CPU
		{E83C1B89-C444-4858-9B5A-4321ABAE69E2}.Release|Any CPU.ActiveCfg = Release|Any CPU
		{E83C1B89-C444-4858-9B5A-4321ABAE69E2}.Release|Any CPU.Build.0 = Release|Any CPU
		{B04A64E9-886F-48CA-BC79-7405CC7812A2}.Debug|Any CPU.ActiveCfg = Debug|Any CPU
		{B04A64E9-886F-48CA-BC79-7405CC7812A2}.Debug|Any CPU.Build.0 = Debug|Any CPU
		{B04A64E9-886F-48CA-BC79-7405CC7812A2}.Release|Any CPU.ActiveCfg = Release|Any CPU
		{B04A64E9-886F-48CA-BC79-7405CC7812A2}.Release|Any CPU.Build.0 = Release|Any CPU
		{D9F9889B-81DC-4C3C-BEFC-8B0E673D16FA}.Debug|Any CPU.ActiveCfg = Debug|Any CPU
		{D9F9889B-81DC-4C3C-BEFC-8B0E673D16FA}.Debug|Any CPU.Build.0 = Debug|Any CPU
		{D9F9889B-81DC-4C3C-BEFC-8B0E673D16FA}.Release|Any CPU.ActiveCfg = Release|Any CPU
		{D9F9889B-81DC-4C3C-BEFC-8B0E673D16FA}.Release|Any CPU.Build.0 = Release|Any CPU
		{436FBAF5-0F07-47B2-ADAE-5A45CF61BBDD}.Debug|Any CPU.ActiveCfg = Debug|Any CPU
		{436FBAF5-0F07-47B2-ADAE-5A45CF61BBDD}.Debug|Any CPU.Build.0 = Debug|Any CPU
		{436FBAF5-0F07-47B2-ADAE-5A45CF61BBDD}.Release|Any CPU.ActiveCfg = Release|Any CPU
		{436FBAF5-0F07-47B2-ADAE-5A45CF61BBDD}.Release|Any CPU.Build.0 = Release|Any CPU
	EndGlobalSection
	GlobalSection(SolutionProperties) = preSolution
		HideSolutionNode = FALSE
	EndGlobalSection
	GlobalSection(NestedProjects) = preSolution
		{49E82686-A2DD-468D-962C-DC58853639CC} = {6F84240A-5769-47D8-A08F-E677750C379C}
		{27B19A59-7F81-4C14-951C-B679A17D73D5} = {6F84240A-5769-47D8-A08F-E677750C379C}
		{F8A79831-B5BC-443B-9F6E-4C8228F4E6D1} = {6F84240A-5769-47D8-A08F-E677750C379C}
		{A6784071-3D0B-484D-9699-FA705A9E7D06} = {6F84240A-5769-47D8-A08F-E677750C379C}
		{E83C1B89-C444-4858-9B5A-4321ABAE69E2} = {27B19A59-7F81-4C14-951C-B679A17D73D5}
		{B04A64E9-886F-48CA-BC79-7405CC7812A2} = {27B19A59-7F81-4C14-951C-B679A17D73D5}
		{D9F9889B-81DC-4C3C-BEFC-8B0E673D16FA} = {F8A79831-B5BC-443B-9F6E-4C8228F4E6D1}
		{436FBAF5-0F07-47B2-ADAE-5A45CF61BBDD} = {F8A79831-B5BC-443B-9F6E-4C8228F4E6D1}
	EndGlobalSection
	GlobalSection(ExtensibilityGlobals) = postSolution
		SolutionGuid = {4D059ABC-5A62-42EB-8254-CDEDAE666C9B}
	EndGlobalSection
EndGlobal
